# THIS IS AN AUTOGENERATED FILE. DO NOT EDIT THIS FILE DIRECTLY.
# yarn lockfile v1


"@nuxtjs/auth@^4.9.1":
  version "4.9.1"
  resolved "https://npm.netsells.tools/@nuxtjs%2fauth/-/auth-4.9.1.tgz#8827e4d23bf901711423434ad4a7073a8fc51603"
  integrity sha512-h5VZanq2+P47jq3t0EnsZv800cg/ufOPC6JqvcyeDFJM99p58jHSODAjDuePo3PrZxd8hovMk7zusU5lOHgjvQ==
  dependencies:
    "@nuxtjs/axios" "^5.9.5"
    body-parser "^1.19.0"
    consola "^2.11.3"
    cookie "^0.4.0"
    is-https "^1.0.0"
    js-cookie "^2.2.1"
    lodash "^4.17.15"
    nanoid "^2.1.11"

"@nuxtjs/axios@^5.9.5":
  version "5.13.1"
  resolved "https://npm.netsells.tools/@nuxtjs%2faxios/-/axios-5.13.1.tgz#70c7444e6be8989372c249637f9287c844340f42"
  integrity sha512-vZpXV2AAkQ5Duejubt1k3ZgUnYowYnPvmcUt0hskd+OebmQ+jF6Wk6rOG0/9EeknOxm7mtTGgKSwdlE1jDo+xA==
  dependencies:
    "@nuxtjs/proxy" "^2.1.0"
    axios "^0.21.1"
    axios-retry "^3.1.9"
    consola "^2.15.3"
    defu "^3.2.2"

"@nuxtjs/proxy@^2.1.0":
  version "2.1.0"
  resolved "https://npm.netsells.tools/@nuxtjs%2fproxy/-/proxy-2.1.0.tgz#fa7715a11d237fa1273503c4e9e137dd1bf5575b"
  integrity sha512-/qtoeqXgZ4Mg6LRg/gDUZQrFpOlOdHrol/vQYMnKu3aN3bP90UfOUB3QSDghUUK7OISAJ0xp8Ld78aHyCTcKCQ==
  dependencies:
    http-proxy-middleware "^1.0.6"

"@types/http-proxy@^1.17.4":
  version "1.17.5"
  resolved "https://npm.netsells.tools/@types%2fhttp-proxy/-/http-proxy-1.17.5.tgz#c203c5e6e9dc6820d27a40eb1e511c70a220423d"
  integrity sha512-GNkDE7bTv6Sf8JbV2GksknKOsk7OznNYHSdrtvPJXO0qJ9odZig6IZKUi5RFGi6d1bf6dgIAe4uXi3DBc7069Q==
  dependencies:
    "@types/node" "*"

"@types/node@*":
  version "14.14.31"
  resolved "https://npm.netsells.tools/@types%2fnode/-/node-14.14.31.tgz#72286bd33d137aa0d152d47ec7c1762563d34055"
  integrity sha512-vFHy/ezP5qI0rFgJ7aQnjDXwAMrG0KqqIH7tQG5PPv3BWBayOPIQNBjVc/P6hhdZfMx51REc6tfDNXHUio893g==

axios-retry@^3.1.9:
  version "3.1.9"
  resolved "https://npm.netsells.tools/axios-retry/-/axios-retry-3.1.9.tgz#6c30fc9aeb4519aebaec758b90ef56fa03fe72e8"
  integrity sha512-NFCoNIHq8lYkJa6ku4m+V1837TP6lCa7n79Iuf8/AqATAHYB0ISaAS1eyIenDOfHOLtym34W65Sjke2xjg2fsA==
  dependencies:
    is-retry-allowed "^1.1.0"

axios@^0.21.1:
  version "0.21.1"
  resolved "https://npm.netsells.tools/axios/-/axios-0.21.1.tgz#22563481962f4d6bde9a76d516ef0e5d3c09b2b8"
  integrity sha512-dKQiRHxGD9PPRIUNIWvZhPTPpl1rf/OxTYKsqKUDjBwYylTvV7SjSHJb9ratfyzM6wCdLCOYLzs73qpg5c4iGA==
  dependencies:
    follow-redirects "^1.10.0"

body-parser@^1.19.0:
  version "1.19.0"
  resolved "https://npm.netsells.tools/body-parser/-/body-parser-1.19.0.tgz#96b2709e57c9c4e09a6fd66a8fd979844f69f08a"
  integrity sha512-dhEPs72UPbDnAQJ9ZKMNTP6ptJaionhP5cBb541nXPlW60Jepo9RV/a4fX4XWW9CuFNK22krhrj1+rgzifNCsw==
  dependencies:
    bytes "3.1.0"
    content-type "~1.0.4"
    debug "2.6.9"
    depd "~1.1.2"
    http-errors "1.7.2"
    iconv-lite "0.4.24"
    on-finished "~2.3.0"
    qs "6.7.0"
    raw-body "2.4.0"
    type-is "~1.6.17"

braces@^3.0.1:
  version "3.0.2"
  resolved "https://npm.netsells.tools/braces/-/braces-3.0.2.tgz#3454e1a462ee8d599e236df336cd9ea4f8afe107"
  integrity sha512-b8um+L1RzM3WDSzvhm6gIz1yfTbBt6YTlcEKAvsmqCZZFw46z626lVj9j1yEPW33H5H+lBQpZMP1k8l+78Ha0A==
  dependencies:
    fill-range "^7.0.1"

bytes@3.1.0:
  version "3.1.0"
  resolved "https://npm.netsells.tools/bytes/-/bytes-3.1.0.tgz#f6cf7933a360e0588fa9fde85651cdc7f805d1f6"
  integrity sha512-zauLjrfCG+xvoyaqLoV8bLVXXNGC4JqlxFCutSDWA6fJrTo2ZuvLYTqZ7aHBLZSMOopbzwv8f+wZcVzfVTI2Dg==

consola@^2.11.3, consola@^2.15.3:
  version "2.15.3"
  resolved "https://npm.netsells.tools/consola/-/consola-2.15.3.tgz#2e11f98d6a4be71ff72e0bdf07bd23e12cb61550"
  integrity sha512-9vAdYbHj6x2fLKC4+oPH0kFzY/orMZyG2Aj+kNylHxKGJ/Ed4dpNyAQYwJOdqO4zdM7XpVHmyejQDcQHrnuXbw==

content-type@~1.0.4:
  version "1.0.4"
  resolved "https://npm.netsells.tools/content-type/-/content-type-1.0.4.tgz#e138cc75e040c727b1966fe5e5f8c9aee256fe3b"
  integrity sha512-hIP3EEPs8tB9AT1L+NUqtwOAps4mk2Zob89MWXMHjHWg9milF/j4osnnQLXBCBFBk/tvIG/tUc9mOUJiPBhPXA==

cookie@^0.4.0:
  version "0.4.1"
  resolved "https://npm.netsells.tools/cookie/-/cookie-0.4.1.tgz#afd713fe26ebd21ba95ceb61f9a8116e50a537d1"
  integrity sha512-ZwrFkGJxUR3EIoXtO+yVE69Eb7KlixbaeAWfBQB9vVsNn/o+Yw69gBWSSDK825hQNdN+wF8zELf3dFNl/kxkUA==

debug@2.6.9:
  version "2.6.9"
  resolved "https://npm.netsells.tools/debug/-/debug-2.6.9.tgz#5d128515df134ff327e90a4c93f4e077a536341f"
  integrity sha512-bC7ElrdJaJnPbAP+1EotYvqZsb3ecl5wi6Bfi6BJTUcNowp6cvspg0jXznRTKDjm/E7AdgFBVeAPVMNcKGsHMA==
  dependencies:
    ms "2.0.0"

defu@^3.2.2:
  version "3.2.2"
  resolved "https://npm.netsells.tools/defu/-/defu-3.2.2.tgz#be20f4cc49b9805d54ee6b610658d53894942e97"
  integrity sha512-8UWj5lNv7HD+kB0e9w77Z7TdQlbUYDVWqITLHNqFIn6khrNHv5WQo38Dcm1f6HeNyZf0U7UbPf6WeZDSdCzGDQ==

depd@~1.1.2:
  version "1.1.2"
  resolved "https://npm.netsells.tools/depd/-/depd-1.1.2.tgz#9bcd52e14c097763e749b274c4346ed2e560b5a9"
  integrity sha1-m81S4UwJd2PnSbJ0xDRu0uVgtak=

ee-first@1.1.1:
  version "1.1.1"
  resolved "https://npm.netsells.tools/ee-first/-/ee-first-1.1.1.tgz#590c61156b0ae2f4f0255732a158b266bc56b21d"
  integrity sha1-WQxhFWsK4vTwJVcyoViyZrxWsh0=

eventemitter3@^4.0.0:
  version "4.0.7"
  resolved "https://npm.netsells.tools/eventemitter3/-/eventemitter3-4.0.7.tgz#2de9b68f6528d5644ef5c59526a1b4a07306169f"
  integrity sha512-8guHBZCwKnFhYdHr2ysuRWErTwhoN2X8XELRlrRwpmfeY2jjuUN4taQMsULKUVo1K4DvZl+0pgfyoysHxvmvEw==

fill-range@^7.0.1:
  version "7.0.1"
  resolved "https://npm.netsells.tools/fill-range/-/fill-range-7.0.1.tgz#1919a6a7c75fe38b2c7c77e5198535da9acdda40"
  integrity sha512-qOo9F+dMUmC2Lcb4BbVvnKJxTPjCm+RRpe4gDuGrzkL7mEVl/djYSu2OdQ2Pa302N4oqkSg9ir6jaLWJ2USVpQ==
  dependencies:
    to-regex-range "^5.0.1"

follow-redirects@^1.0.0, follow-redirects@^1.10.0:
  version "1.13.2"
  resolved "https://npm.netsells.tools/follow-redirects/-/follow-redirects-1.13.2.tgz#dd73c8effc12728ba5cf4259d760ea5fb83e3147"
  integrity sha512-6mPTgLxYm3r6Bkkg0vNM0HTjfGrOEtsfbhagQvbxDEsEkpNhw582upBaoRZylzen6krEmxXJgt9Ju6HiI4O7BA==

http-errors@1.7.2:
  version "1.7.2"
  resolved "https://npm.netsells.tools/http-errors/-/http-errors-1.7.2.tgz#4f5029cf13239f31036e5b2e55292bcfbcc85c8f"
  integrity sha512-uUQBt3H/cSIVfch6i1EuPNy/YsRSOUBXTVfZ+yR7Zjez3qjBz6i9+i4zjNaoqcoFVI4lQJ5plg63TvGfRSDCRg==
  dependencies:
    depd "~1.1.2"
    inherits "2.0.3"
    setprototypeof "1.1.1"
    statuses ">= 1.5.0 < 2"
    toidentifier "1.0.0"

http-proxy-middleware@^1.0.6:
  version "1.0.6"
  resolved "https://npm.netsells.tools/http-proxy-middleware/-/http-proxy-middleware-1.0.6.tgz#0618557722f450375d3796d701a8ac5407b3b94e"
  integrity sha512-NyL6ZB6cVni7pl+/IT2W0ni5ME00xR0sN27AQZZrpKn1b+qRh+mLbBxIq9Cq1oGfmTc7BUq4HB77mxwCaxAYNg==
  dependencies:
    "@types/http-proxy" "^1.17.4"
    http-proxy "^1.18.1"
    is-glob "^4.0.1"
    lodash "^4.17.20"
    micromatch "^4.0.2"

http-proxy@^1.18.1:
  version "1.18.1"
  resolved "https://npm.netsells.tools/http-proxy/-/http-proxy-1.18.1.tgz#401541f0534884bbf95260334e72f88ee3976549"
  integrity sha512-7mz/721AbnJwIVbnaSv1Cz3Am0ZLT/UBwkC92VlxhXv/k/BBQfM2fXElQNC27BVGr0uwUpplYPQM9LnaBMR5NQ==
  dependencies:
    eventemitter3 "^4.0.0"
    follow-redirects "^1.0.0"
    requires-port "^1.0.0"

iconv-lite@0.4.24:
  version "0.4.24"
  resolved "https://npm.netsells.tools/iconv-lite/-/iconv-lite-0.4.24.tgz#2022b4b25fbddc21d2f524974a474aafe733908b"
  integrity sha512-v3MXnZAcvnywkTUEZomIActle7RXXeedOR31wwl7VlyoXO4Qi9arvSenNQWne1TcRwhCL1HwLI21bEqdpj8/rA==
  dependencies:
    safer-buffer ">= 2.1.2 < 3"

inherits@2.0.3:
  version "2.0.3"
  resolved "https://npm.netsells.tools/inherits/-/inherits-2.0.3.tgz#633c2c83e3da42a502f52466022480f4208261de"
  integrity sha1-Yzwsg+PaQqUC9SRmAiSA9CCCYd4=

is-extglob@^2.1.1:
  version "2.1.1"
  resolved "https://npm.netsells.tools/is-extglob/-/is-extglob-2.1.1.tgz#a88c02535791f02ed37c76a1b9ea9773c833f8c2"
  integrity sha1-qIwCU1eR8C7TfHahueqXc8gz+MI=

is-glob@^4.0.1:
  version "4.0.1"
  resolved "https://npm.netsells.tools/is-glob/-/is-glob-4.0.1.tgz#7567dbe9f2f5e2467bc77ab83c4a29482407a5dc"
  integrity sha512-5G0tKtBTFImOqDnLB2hG6Bp2qcKEFduo4tZu9MT/H6NQv/ghhy30o55ufafxJ/LdH79LLs2Kfrn85TLKyA7BUg==
  dependencies:
    is-extglob "^2.1.1"

is-https@^1.0.0:
  version "1.0.0"
  resolved "https://npm.netsells.tools/is-https/-/is-https-1.0.0.tgz#9c1dde000dc7e7288edb983bef379e498e7cb1bf"
  integrity sha512-1adLLwZT9XEXjzhQhZxd75uxf0l+xI9uTSFaZeSESjL3E1eXSPpO+u5RcgqtzeZ1KCaNvtEwZSTO2P4U5erVqQ==

is-number@^7.0.0:
  version "7.0.0"
  resolved "https://npm.netsells.tools/is-number/-/is-number-7.0.0.tgz#7535345b896734d5f80c4d06c50955527a14f12b"
  integrity sha512-41Cifkg6e8TylSpdtTpeLVMqvSBEVzTttHvERD741+pnZ8ANv0004MRL43QKPDlK9cGvNp6NZWZUBlbGXYxxng==

is-retry-allowed@^1.1.0:
  version "1.2.0"
  resolved "https://npm.netsells.tools/is-retry-allowed/-/is-retry-allowed-1.2.0.tgz#d778488bd0a4666a3be8a1482b9f2baafedea8b4"
  integrity sha512-RUbUeKwvm3XG2VYamhJL1xFktgjvPzL0Hq8C+6yrWIswDy3BIXGqCxhxkc30N9jqK311gVU137K8Ei55/zVJRg==

js-cookie@^2.2.1:
  version "2.2.1"
  resolved "https://npm.netsells.tools/js-cookie/-/js-cookie-2.2.1.tgz#69e106dc5d5806894562902aa5baec3744e9b2b8"
  integrity sha512-HvdH2LzI/EAZcUwA8+0nKNtWHqS+ZmijLA30RwZA0bo7ToCckjK5MkGhjED9KoRcXO6BaGI3I9UIzSA1FKFPOQ==

lodash.merge@^4.6.2:
  version "4.6.2"
  resolved "https://npm.netsells.tools/lodash.merge/-/lodash.merge-4.6.2.tgz#558aa53b43b661e1925a0afdfa36a9a1085fe57a"
  integrity sha512-0KpjqXRVvrYyCsX1swR/XTK0va6VQkQM6MNo7PqW77ByjAhoARA8EfrP1N4+KlKj8YS0ZUCtRT/YUuhyYDujIQ==

lodash.uniq@^4.5.0:
  version "4.5.0"
  resolved "https://npm.netsells.tools/lodash.uniq/-/lodash.uniq-4.5.0.tgz#d0225373aeb652adc1bc82e4945339a842754773"
  integrity sha1-0CJTc662Uq3BvILklFM5qEJ1R3M=

lodash@^4.17.15, lodash@^4.17.20:
  version "4.17.21"
  resolved "https://npm.netsells.tools/lodash/-/lodash-4.17.21.tgz#679591c564c3bffaae8454cf0b3df370c3d6911c"
  integrity sha512-v2kDEe57lecTulaDIuNTPy3Ry4gLGJ6Z1O3vE1krgXZNrsQ+LFTGHVxVjcXPs17LhbZVGedAJv8XZ1tvj5FvSg==

media-typer@0.3.0:
  version "0.3.0"
  resolved "https://npm.netsells.tools/media-typer/-/media-typer-0.3.0.tgz#8710d7af0aa626f8fffa1ce00168545263255748"
  integrity sha1-hxDXrwqmJvj/+hzgAWhUUmMlV0g=

micromatch@^4.0.2:
  version "4.0.2"
  resolved "https://npm.netsells.tools/micromatch/-/micromatch-4.0.2.tgz#4fcb0999bf9fbc2fcbdd212f6d629b9a56c39259"
  integrity sha512-y7FpHSbMUMoyPbYUSzO6PaZ6FyRnQOpHuKwbo1G+Knck95XVU4QAiKdGEnj5wwoS7PlOgthX/09u5iFJ+aYf5Q==
  dependencies:
    braces "^3.0.1"
    picomatch "^2.0.5"

mime-db@1.46.0:
  version "1.46.0"
  resolved "https://npm.netsells.tools/mime-db/-/mime-db-1.46.0.tgz#6267748a7f799594de3cbc8cde91def349661cee"
  integrity sha512-svXaP8UQRZ5K7or+ZmfNhg2xX3yKDMUzqadsSqi4NCH/KomcH75MAMYAGVlvXn4+b/xOPhS3I2uHKRUzvjY7BQ==

mime-types@~2.1.24:
  version "2.1.29"
  resolved "https://npm.netsells.tools/mime-types/-/mime-types-2.1.29.tgz#1d4ab77da64b91f5f72489df29236563754bb1b2"
  integrity sha512-Y/jMt/S5sR9OaqteJtslsFZKWOIIqMACsJSiHghlCAyhf7jfVYjKBmLiX8OgpWeW+fjJ2b+Az69aPFPkUOY6xQ==
  dependencies:
    mime-db "1.46.0"

ms@2.0.0:
  version "2.0.0"
  resolved "https://npm.netsells.tools/ms/-/ms-2.0.0.tgz#5608aeadfc00be6c2901df5f9861788de0d597c8"
  integrity sha1-VgiurfwAvmwpAd9fmGF4jeDVl8g=

nanoid@^2.1.11:
  version "2.1.11"
  resolved "https://npm.netsells.tools/nanoid/-/nanoid-2.1.11.tgz#ec24b8a758d591561531b4176a01e3ab4f0f0280"
  integrity sha512-s/snB+WGm6uwi0WjsZdaVcuf3KJXlfGl2LcxgwkEwJF0D/BWzVWAZW/XY4bFaiR7s0Jk3FPvlnepg1H1b1UwlA==

on-finished@~2.3.0:
  version "2.3.0"
  resolved "https://npm.netsells.tools/on-finished/-/on-finished-2.3.0.tgz#20f1336481b083cd75337992a16971aa2d906947"
  integrity sha1-IPEzZIGwg811M3mSoWlxqi2QaUc=
  dependencies:
    ee-first "1.1.1"

picomatch@^2.0.5:
  version "2.2.2"
  resolved "https://npm.netsells.tools/picomatch/-/picomatch-2.2.2.tgz#21f333e9b6b8eaff02468f5146ea406d345f4dad"
  integrity sha512-q0M/9eZHzmr0AulXyPwNfZjtwZ/RBZlbN3K3CErVrk50T2ASYI7Bye0EvekFY3IP1Nt2DHu0re+V2ZHIpMkuWg==

qs@6.7.0:
  version "6.7.0"
  resolved "https://npm.netsells.tools/qs/-/qs-6.7.0.tgz#41dc1a015e3d581f1621776be31afb2876a9b1bc"
  integrity sha512-VCdBRNFTX1fyE7Nb6FYoURo/SPe62QCaAyzJvUjwRaIsc+NePBEniHlvxFmmX56+HZphIGtV0XeCirBtpDrTyQ==

raw-body@2.4.0:
  version "2.4.0"
  resolved "https://npm.netsells.tools/raw-body/-/raw-body-2.4.0.tgz#a1ce6fb9c9bc356ca52e89256ab59059e13d0332"
  integrity sha512-4Oz8DUIwdvoa5qMJelxipzi/iJIi40O5cGV1wNYp5hvZP8ZN0T+jiNkL0QepXs+EsQ9XJ8ipEDoiH70ySUJP3Q==
  dependencies:
    bytes "3.1.0"
    http-errors "1.7.2"
    iconv-lite "0.4.24"
    unpipe "1.0.0"

requires-port@^1.0.0:
  version "1.0.0"
  resolved "https://npm.netsells.tools/requires-port/-/requires-port-1.0.0.tgz#925d2601d39ac485e091cf0da5c6e694dc3dcaff"
  integrity sha1-kl0mAdOaxIXgkc8NpcbmlNw9yv8=

"safer-buffer@>= 2.1.2 < 3":
  version "2.1.2"
  resolved "https://npm.netsells.tools/safer-buffer/-/safer-buffer-2.1.2.tgz#44fa161b0187b9549dd84bb91802f9bd8385cd6a"
  integrity sha512-YZo3K82SD7Riyi0E1EQPojLz7kpepnSQI9IyPbHHg1XXXevb5dJI7tpyN2ADxGcQbHG7vcyRHk0cbwqcQriUtg==

setprototypeof@1.1.1:
  version "1.1.1"
  resolved "https://npm.netsells.tools/setprototypeof/-/setprototypeof-1.1.1.tgz#7e95acb24aa92f5885e0abef5ba131330d4ae683"
  integrity sha512-JvdAWfbXeIGaZ9cILp38HntZSFSo3mWg6xGcJJsd+d4aRMOqauag1C63dJfDw7OaMYwEbHMOxEZ1lqVRYP2OAw==

"statuses@>= 1.5.0 < 2":
  version "1.5.0"
  resolved "https://npm.netsells.tools/statuses/-/statuses-1.5.0.tgz#161c7dac177659fd9811f43771fa99381478628c"
  integrity sha1-Fhx9rBd2Wf2YEfQ3cfqZOBR4Yow=

to-regex-range@^5.0.1:
  version "5.0.1"
  resolved "https://npm.netsells.tools/to-regex-range/-/to-regex-range-5.0.1.tgz#1648c44aae7c8d988a326018ed72f5b4dd0392e4"
  integrity sha512-65P7iz6X5yEr1cwcgvQxbbIw7Uk3gOy5dIdtZ4rDveLqhrdJP+Li/Hx6tyK0NEb+2GCyneCMJiGqrADCSNk8sQ==
  dependencies:
    is-number "^7.0.0"

toidentifier@1.0.0:
  version "1.0.0"
  resolved "https://npm.netsells.tools/toidentifier/-/toidentifier-1.0.0.tgz#7e1be3470f1e77948bc43d94a3c8f4d7752ba553"
  integrity sha512-yaOH/Pk/VEhBWWTlhI+qXxDFXlejDGcQipMlyxda9nthulaxLZUNcUqFxokp0vcYnvteJln5FNQDRrxj3YcbVw==

type-is@~1.6.17:
  version "1.6.18"
  resolved "https://npm.netsells.tools/type-is/-/type-is-1.6.18.tgz#4e552cd05df09467dcbc4ef739de89f2cf37c131"
  integrity sha512-TkRKr9sUTxEH8MdfuCSP7VizJyzRNMjj2J2do2Jr3Kym598JVdEksuzPQCnlFPW4ky9Q+iA+ma9BGm06XQBy8g==
  dependencies:
    media-typer "0.3.0"
    mime-types "~2.1.24"

unpipe@1.0.0:
  version "1.0.0"
  resolved "https://npm.netsells.tools/unpipe/-/unpipe-1.0.0.tgz#b2bf4ee8514aae6165b4817829d21b2ef49904ec"
  integrity sha1-sr9O6FFKrmFltIF4KdIbLvSZBOw=
